
Microsoft Visual Studio Solution File, Format Version 12.00
# Visual Studio Version 16
VisualStudioVersion = 16.0.30711.63
MinimumVisualStudioVersion = 10.0.40219.1
Project("{8BC9CEB8-8B4A-11D0-8D11-00A0C91BC942}") = "Project11.2.B", "Project11.2.B\Project11.2.B.vcxproj", "{84D07DDE-22B4-4474-ACED-90D4305253A3}"
EndProject
Project("{8BC9CEB8-8B4A-11D0-8D11-00A0C91BC942}") = "UnitTest1", "UnitTest1\UnitTest1.vcxproj", "{D491EF9E-2A6E-453A-AEEA-75C82305F748}"
EndProject
Global
	GlobalSection(SolutionConfigurationPlatforms) = preSolution
		Debug|x64 = Debug|x64
		Debug|x86 = Debug|x86
		Release|x64 = Release|x64
		Release|x86 = Release|x86
	EndGlobalSection
	GlobalSection(ProjectConfigurationPlatforms) = postSolution
		{84D07DDE-22B4-4474-ACED-90D4305253A3}.Debug|x64.ActiveCfg = Debug|x64
		{84D07DDE-22B4-4474-ACED-90D4305253A3}.Debug|x64.Build.0 = Debug|x64
		{84D07DDE-22B4-4474-ACED-90D4305253A3}.Debug|x86.ActiveCfg = Debug|Win32
		{84D07DDE-22B4-4474-ACED-90D4305253A3}.Debug|x86.Build.0 = Debug|Win32
		{84D07DDE-22B4-4474-ACED-90D4305253A3}.Release|x64.ActiveCfg = Release|x64
		{84D07DDE-22B4-4474-ACED-90D4305253A3}.Release|x64.Build.0 = Release|x64
		{84D07DDE-22B4-4474-ACED-90D4305253A3}.Release|x86.ActiveCfg = Release|Win32
		{84D07DDE-22B4-4474-ACED-90D4305253A3}.Release|x86.Build.0 = Release|Win32
		{D491EF9E-2A6E-453A-AEEA-75C82305F748}.Debug|x64.ActiveCfg = Debug|x64
		{D491EF9E-2A6E-453A-AEEA-75C82305F748}.Debug|x64.Build.0 = Debug|x64
		{D491EF9E-2A6E-453A-AEEA-75C82305F748}.Debug|x86.ActiveCfg = Debug|Win32
		{D491EF9E-2A6E-453A-AEEA-75C82305F748}.Debug|x86.Build.0 = Debug|Win32
		{D491EF9E-2A6E-453A-AEEA-75C82305F748}.Release|x64.ActiveCfg = Release|x64
		{D491EF9E-2A6E-453A-AEEA-75C82305F748}.Release|x64.Build.0 = Release|x64
		{D491EF9E-2A6E-453A-AEEA-75C82305F748}.Release|x86.ActiveCfg = Release|Win32
		{D491EF9E-2A6E-453A-AEEA-75C82305F748}.Release|x86.Build.0 = Release|Win32
	EndGlobalSection
	GlobalSection(SolutionProperties) = preSolution
		HideSolutionNode = FALSE
	EndGlobalSection
	GlobalSection(ExtensibilityGlobals) = postSolution
		SolutionGuid = {4C2CBCF9-BE71-45D6-BCCF-2BABE965BDB2}
	EndGlobalSection
EndGlobal
